// !$*UTF8*$!
{
	archiveVersion = 1;
	classes = {
	};
	objectVersion = 52;
	objects = {

/* Begin PBXBuildFile section */
		CE89307426BFE0590067793D /* Keys.plist in Resources */ = {isa = PBXBuildFile; fileRef = CE89307326BFE0590067793D /* Keys.plist */; };
		CE89307626C0202E0067793D /* ImageCache.swift in Sources */ = {isa = PBXBuildFile; fileRef = CE89307526C0202E0067793D /* ImageCache.swift */; };
		CE89308126C112970067793D /* CoinTableViewCell.swift in Sources */ = {isa = PBXBuildFile; fileRef = CE89307F26C112960067793D /* CoinTableViewCell.swift */; };
		CE89308226C112970067793D /* CoinTableViewCell.xib in Resources */ = {isa = PBXBuildFile; fileRef = CE89308026C112960067793D /* CoinTableViewCell.xib */; };
		CE89308426C15A270067793D /* ResponseRanking.swift in Sources */ = {isa = PBXBuildFile; fileRef = CE89308326C15A270067793D /* ResponseRanking.swift */; };
		CE89308626C17FC10067793D /* CustomError.swift in Sources */ = {isa = PBXBuildFile; fileRef = CE89308526C17FC10067793D /* CustomError.swift */; };
		CE89308926C211FA0067793D /* AlertController.swift in Sources */ = {isa = PBXBuildFile; fileRef = CE89308826C211FA0067793D /* AlertController.swift */; };
		CE89308C26C2217E0067793D /* LoadingTableViewCell.swift in Sources */ = {isa = PBXBuildFile; fileRef = CE89308A26C2217E0067793D /* LoadingTableViewCell.swift */; };
		CE89308D26C2217E0067793D /* LoadingTableViewCell.xib in Resources */ = {isa = PBXBuildFile; fileRef = CE89308B26C2217E0067793D /* LoadingTableViewCell.xib */; };
		CE89309126C228050067793D /* DetailViewController.swift in Sources */ = {isa = PBXBuildFile; fileRef = CE89308F26C228050067793D /* DetailViewController.swift */; };
		CE89309226C228050067793D /* DetailViewController.xib in Resources */ = {isa = PBXBuildFile; fileRef = CE89309026C228050067793D /* DetailViewController.xib */; };
		CE89309526C22D540067793D /* Charts in Frameworks */ = {isa = PBXBuildFile; productRef = CE89309426C22D540067793D /* Charts */; };
		CE89309926C245830067793D /* PriceHistory.swift in Sources */ = {isa = PBXBuildFile; fileRef = CE89309826C245830067793D /* PriceHistory.swift */; };
		CE89309B26C245930067793D /* History.swift in Sources */ = {isa = PBXBuildFile; fileRef = CE89309A26C245930067793D /* History.swift */; };
		CE89309E26C245BE0067793D /* DetailCoin.swift in Sources */ = {isa = PBXBuildFile; fileRef = CE89309D26C245BE0067793D /* DetailCoin.swift */; };
		CE8930A026C245D50067793D /* Link.swift in Sources */ = {isa = PBXBuildFile; fileRef = CE89309F26C245D50067793D /* Link.swift */; };
		CE8930A226C245EE0067793D /* DataDetailCoin.swift in Sources */ = {isa = PBXBuildFile; fileRef = CE8930A126C245EE0067793D /* DataDetailCoin.swift */; };
		CE8930A826C246620067793D /* Supply.swift in Sources */ = {isa = PBXBuildFile; fileRef = CE8930A726C246620067793D /* Supply.swift */; };
		CE8930AA26C24A0C0067793D /* String+Extensions.swift in Sources */ = {isa = PBXBuildFile; fileRef = CE8930A926C24A0C0067793D /* String+Extensions.swift */; };
		CE8930AC26C24F970067793D /* ResponseDetail.swift in Sources */ = {isa = PBXBuildFile; fileRef = CE8930AB26C24F970067793D /* ResponseDetail.swift */; };
		CE8930B026C267390067793D /* LinkTableViewCell.swift in Sources */ = {isa = PBXBuildFile; fileRef = CE8930AE26C267390067793D /* LinkTableViewCell.swift */; };
		CE8930B126C267390067793D /* LinkTableViewCell.xib in Resources */ = {isa = PBXBuildFile; fileRef = CE8930AF26C267390067793D /* LinkTableViewCell.xib */; };
		CE8930B526C27E0B0067793D /* Select.swift in Sources */ = {isa = PBXBuildFile; fileRef = CE8930B426C27E0B0067793D /* Select.swift */; };
		CE8930B826C2BEDE0067793D /* SearchViewController.swift in Sources */ = {isa = PBXBuildFile; fileRef = CE8930B626C2BEDE0067793D /* SearchViewController.swift */; };
		CE8930B926C2BEDE0067793D /* SearchViewController.xib in Resources */ = {isa = PBXBuildFile; fileRef = CE8930B726C2BEDE0067793D /* SearchViewController.xib */; };
		CE8930BD26C2CF4E0067793D /* UIViewController+Extensions.swift in Sources */ = {isa = PBXBuildFile; fileRef = CE8930BC26C2CF4E0067793D /* UIViewController+Extensions.swift */; };
		CE8930C026C2D02D0067793D /* SimpleCoin.swift in Sources */ = {isa = PBXBuildFile; fileRef = CE8930BF26C2D02D0067793D /* SimpleCoin.swift */; };
		CE8930C226C2D0740067793D /* SimpleDataCoin.swift in Sources */ = {isa = PBXBuildFile; fileRef = CE8930C126C2D0740067793D /* SimpleDataCoin.swift */; };
		CE8930C626C2D12E0067793D /* SimpleCoinTableViewCell.swift in Sources */ = {isa = PBXBuildFile; fileRef = CE8930C426C2D12E0067793D /* SimpleCoinTableViewCell.swift */; };
		CE8930C726C2D12E0067793D /* SimpleCoinTableViewCell.xib in Resources */ = {isa = PBXBuildFile; fileRef = CE8930C526C2D12E0067793D /* SimpleCoinTableViewCell.xib */; };
		CE8930CB26C3B6ED0067793D /* Path.swift in Sources */ = {isa = PBXBuildFile; fileRef = CE8930CA26C3B6ED0067793D /* Path.swift */; };
		CE8930D026C41CDA0067793D /* Price.swift in Sources */ = {isa = PBXBuildFile; fileRef = CE8930CF26C41CDA0067793D /* Price.swift */; };
		CE8930D226C4290C0067793D /* ExchangeRate.swift in Sources */ = {isa = PBXBuildFile; fileRef = CE8930D126C4290C0067793D /* ExchangeRate.swift */; };
		CEB201AF26B9333000ED19DD /* AppDelegate.swift in Sources */ = {isa = PBXBuildFile; fileRef = CEB201AE26B9333000ED19DD /* AppDelegate.swift */; };
		CEB201B126B9333000ED19DD /* SceneDelegate.swift in Sources */ = {isa = PBXBuildFile; fileRef = CEB201B026B9333000ED19DD /* SceneDelegate.swift */; };
		CEB201B626B9333000ED19DD /* Main.storyboard in Resources */ = {isa = PBXBuildFile; fileRef = CEB201B426B9333000ED19DD /* Main.storyboard */; };
		CEB201B926B9333000ED19DD /* Crypto_Currency.xcdatamodeld in Sources */ = {isa = PBXBuildFile; fileRef = CEB201B726B9333000ED19DD /* Crypto_Currency.xcdatamodeld */; };
		CEB201BB26B9333300ED19DD /* Assets.xcassets in Resources */ = {isa = PBXBuildFile; fileRef = CEB201BA26B9333300ED19DD /* Assets.xcassets */; };
		CEB201BE26B9333300ED19DD /* LaunchScreen.storyboard in Resources */ = {isa = PBXBuildFile; fileRef = CEB201BC26B9333300ED19DD /* LaunchScreen.storyboard */; };
		CEB201DB26BA499400ED19DD /* HomeViewController.swift in Sources */ = {isa = PBXBuildFile; fileRef = CEB201DA26BA499400ED19DD /* HomeViewController.swift */; };
		CEB201DD26BA49AF00ED19DD /* RankingViewController.swift in Sources */ = {isa = PBXBuildFile; fileRef = CEB201DC26BA49AF00ED19DD /* RankingViewController.swift */; };
		CEB201DF26BA49DE00ED19DD /* FavoriteViewController.swift in Sources */ = {isa = PBXBuildFile; fileRef = CEB201DE26BA49DE00ED19DD /* FavoriteViewController.swift */; };
		CEB201E926BA4A6A00ED19DD /* ExchangeRatesViewController.swift in Sources */ = {isa = PBXBuildFile; fileRef = CEB201E726BA4A6A00ED19DD /* ExchangeRatesViewController.swift */; };
		CEB201EA26BA4A6A00ED19DD /* ExchangeRatesViewController.xib in Resources */ = {isa = PBXBuildFile; fileRef = CEB201E826BA4A6A00ED19DD /* ExchangeRatesViewController.xib */; };
		CEB201F126BA8EDF00ED19DD /* APIService.swift in Sources */ = {isa = PBXBuildFile; fileRef = CEB201F026BA8EDF00ED19DD /* APIService.swift */; };
		CEB201F326BA8F0800ED19DD /* Response.swift in Sources */ = {isa = PBXBuildFile; fileRef = CEB201F226BA8F0800ED19DD /* Response.swift */; };
		CEB201F526BAA27100ED19DD /* DataCoin.swift in Sources */ = {isa = PBXBuildFile; fileRef = CEB201F426BAA27100ED19DD /* DataCoin.swift */; };
		CEB201F726BAA28300ED19DD /* Coin.swift in Sources */ = {isa = PBXBuildFile; fileRef = CEB201F626BAA28300ED19DD /* Coin.swift */; };
		CEB2020426BB89CB00ED19DD /* UIView+Extensions.swift in Sources */ = {isa = PBXBuildFile; fileRef = CEB2020326BB89CB00ED19DD /* UIView+Extensions.swift */; };
		CEB2020626BB8B9800ED19DD /* UISrollView+Extensions.swift in Sources */ = {isa = PBXBuildFile; fileRef = CEB2020526BB8B9800ED19DD /* UISrollView+Extensions.swift */; };
		CEB2020D26BB8DF300ED19DD /* GetStartedViewController.swift in Sources */ = {isa = PBXBuildFile; fileRef = CEB2020C26BB8DF300ED19DD /* GetStartedViewController.swift */; };
		CEB2020F26BB9C6F00ED19DD /* UILabel+Extensions.swift in Sources */ = {isa = PBXBuildFile; fileRef = CEB2020E26BB9C6F00ED19DD /* UILabel+Extensions.swift */; };
		CEB2021426BC2D2900ED19DD /* CoinCollectionViewCell.swift in Sources */ = {isa = PBXBuildFile; fileRef = CEB2021226BC2D2900ED19DD /* CoinCollectionViewCell.swift */; };
		CEB2021526BC2D2900ED19DD /* CoinCollectionViewCell.xib in Resources */ = {isa = PBXBuildFile; fileRef = CEB2021326BC2D2900ED19DD /* CoinCollectionViewCell.xib */; };
		CEB2021726BC54F800ED19DD /* UIImageView+Extensions.swift in Sources */ = {isa = PBXBuildFile; fileRef = CEB2021626BC54F800ED19DD /* UIImageView+Extensions.swift */; };
		CEB2021D26BCDD4400ED19DD /* Network.swift in Sources */ = {isa = PBXBuildFile; fileRef = CEB2021C26BCDD4400ED19DD /* Network.swift */; };
		CEB2021F26BCE07900ED19DD /* ReusableView.swift in Sources */ = {isa = PBXBuildFile; fileRef = CEB2021E26BCE07900ED19DD /* ReusableView.swift */; };
		CEB2022126BCE5B400ED19DD /* RepositoryAPI.swift in Sources */ = {isa = PBXBuildFile; fileRef = CEB2022026BCE5B400ED19DD /* RepositoryAPI.swift */; };
/* End PBXBuildFile section */

/* Begin PBXFileReference section */
		CE89307326BFE0590067793D /* Keys.plist */ = {isa = PBXFileReference; lastKnownFileType = text.plist.xml; path = Keys.plist; sourceTree = "<group>"; };
		CE89307526C0202E0067793D /* ImageCache.swift */ = {isa = PBXFileReference; lastKnownFileType = sourcecode.swift; path = ImageCache.swift; sourceTree = "<group>"; };
		CE89307F26C112960067793D /* CoinTableViewCell.swift */ = {isa = PBXFileReference; lastKnownFileType = sourcecode.swift; path = CoinTableViewCell.swift; sourceTree = "<group>"; };
		CE89308026C112960067793D /* CoinTableViewCell.xib */ = {isa = PBXFileReference; lastKnownFileType = file.xib; path = CoinTableViewCell.xib; sourceTree = "<group>"; };
		CE89308326C15A270067793D /* ResponseRanking.swift */ = {isa = PBXFileReference; lastKnownFileType = sourcecode.swift; path = ResponseRanking.swift; sourceTree = "<group>"; };
		CE89308526C17FC10067793D /* CustomError.swift */ = {isa = PBXFileReference; lastKnownFileType = sourcecode.swift; path = CustomError.swift; sourceTree = "<group>"; };
		CE89308826C211FA0067793D /* AlertController.swift */ = {isa = PBXFileReference; lastKnownFileType = sourcecode.swift; path = AlertController.swift; sourceTree = "<group>"; };
		CE89308A26C2217E0067793D /* LoadingTableViewCell.swift */ = {isa = PBXFileReference; lastKnownFileType = sourcecode.swift; path = LoadingTableViewCell.swift; sourceTree = "<group>"; };
		CE89308B26C2217E0067793D /* LoadingTableViewCell.xib */ = {isa = PBXFileReference; lastKnownFileType = file.xib; path = LoadingTableViewCell.xib; sourceTree = "<group>"; };
		CE89308F26C228050067793D /* DetailViewController.swift */ = {isa = PBXFileReference; lastKnownFileType = sourcecode.swift; path = DetailViewController.swift; sourceTree = "<group>"; };
		CE89309026C228050067793D /* DetailViewController.xib */ = {isa = PBXFileReference; lastKnownFileType = file.xib; path = DetailViewController.xib; sourceTree = "<group>"; };
		CE89309826C245830067793D /* PriceHistory.swift */ = {isa = PBXFileReference; lastKnownFileType = sourcecode.swift; path = PriceHistory.swift; sourceTree = "<group>"; };
		CE89309A26C245930067793D /* History.swift */ = {isa = PBXFileReference; lastKnownFileType = sourcecode.swift; path = History.swift; sourceTree = "<group>"; };
		CE89309D26C245BE0067793D /* DetailCoin.swift */ = {isa = PBXFileReference; lastKnownFileType = sourcecode.swift; path = DetailCoin.swift; sourceTree = "<group>"; };
		CE89309F26C245D50067793D /* Link.swift */ = {isa = PBXFileReference; lastKnownFileType = sourcecode.swift; path = Link.swift; sourceTree = "<group>"; };
		CE8930A126C245EE0067793D /* DataDetailCoin.swift */ = {isa = PBXFileReference; lastKnownFileType = sourcecode.swift; path = DataDetailCoin.swift; sourceTree = "<group>"; };
		CE8930A726C246620067793D /* Supply.swift */ = {isa = PBXFileReference; lastKnownFileType = sourcecode.swift; path = Supply.swift; sourceTree = "<group>"; };
		CE8930A926C24A0C0067793D /* String+Extensions.swift */ = {isa = PBXFileReference; lastKnownFileType = sourcecode.swift; path = "String+Extensions.swift"; sourceTree = "<group>"; };
		CE8930AB26C24F970067793D /* ResponseDetail.swift */ = {isa = PBXFileReference; lastKnownFileType = sourcecode.swift; path = ResponseDetail.swift; sourceTree = "<group>"; };
		CE8930AE26C267390067793D /* LinkTableViewCell.swift */ = {isa = PBXFileReference; lastKnownFileType = sourcecode.swift; path = LinkTableViewCell.swift; sourceTree = "<group>"; };
		CE8930AF26C267390067793D /* LinkTableViewCell.xib */ = {isa = PBXFileReference; lastKnownFileType = file.xib; path = LinkTableViewCell.xib; sourceTree = "<group>"; };
		CE8930B426C27E0B0067793D /* Select.swift */ = {isa = PBXFileReference; lastKnownFileType = sourcecode.swift; path = Select.swift; sourceTree = "<group>"; };
		CE8930B626C2BEDE0067793D /* SearchViewController.swift */ = {isa = PBXFileReference; lastKnownFileType = sourcecode.swift; path = SearchViewController.swift; sourceTree = "<group>"; };
		CE8930B726C2BEDE0067793D /* SearchViewController.xib */ = {isa = PBXFileReference; lastKnownFileType = file.xib; path = SearchViewController.xib; sourceTree = "<group>"; };
		CE8930BC26C2CF4E0067793D /* UIViewController+Extensions.swift */ = {isa = PBXFileReference; lastKnownFileType = sourcecode.swift; path = "UIViewController+Extensions.swift"; sourceTree = "<group>"; };
		CE8930BF26C2D02D0067793D /* SimpleCoin.swift */ = {isa = PBXFileReference; lastKnownFileType = sourcecode.swift; path = SimpleCoin.swift; sourceTree = "<group>"; };
		CE8930C126C2D0740067793D /* SimpleDataCoin.swift */ = {isa = PBXFileReference; lastKnownFileType = sourcecode.swift; path = SimpleDataCoin.swift; sourceTree = "<group>"; };
		CE8930C426C2D12E0067793D /* SimpleCoinTableViewCell.swift */ = {isa = PBXFileReference; lastKnownFileType = sourcecode.swift; path = SimpleCoinTableViewCell.swift; sourceTree = "<group>"; };
		CE8930C526C2D12E0067793D /* SimpleCoinTableViewCell.xib */ = {isa = PBXFileReference; lastKnownFileType = file.xib; path = SimpleCoinTableViewCell.xib; sourceTree = "<group>"; };
		CE8930CA26C3B6ED0067793D /* Path.swift */ = {isa = PBXFileReference; lastKnownFileType = sourcecode.swift; path = Path.swift; sourceTree = "<group>"; };
		CE8930CF26C41CDA0067793D /* Price.swift */ = {isa = PBXFileReference; lastKnownFileType = sourcecode.swift; path = Price.swift; sourceTree = "<group>"; };
		CE8930D126C4290C0067793D /* ExchangeRate.swift */ = {isa = PBXFileReference; lastKnownFileType = sourcecode.swift; path = ExchangeRate.swift; sourceTree = "<group>"; };
		CEB201AB26B9333000ED19DD /* Crypto-Currency.app */ = {isa = PBXFileReference; explicitFileType = wrapper.application; includeInIndex = 0; path = "Crypto-Currency.app"; sourceTree = BUILT_PRODUCTS_DIR; };
		CEB201AE26B9333000ED19DD /* AppDelegate.swift */ = {isa = PBXFileReference; lastKnownFileType = sourcecode.swift; path = AppDelegate.swift; sourceTree = "<group>"; };
		CEB201B026B9333000ED19DD /* SceneDelegate.swift */ = {isa = PBXFileReference; lastKnownFileType = sourcecode.swift; path = SceneDelegate.swift; sourceTree = "<group>"; };
		CEB201B526B9333000ED19DD /* Base */ = {isa = PBXFileReference; lastKnownFileType = file.storyboard; name = Base; path = Base.lproj/Main.storyboard; sourceTree = "<group>"; };
		CEB201B826B9333000ED19DD /* Crypto_Currency.xcdatamodel */ = {isa = PBXFileReference; lastKnownFileType = wrapper.xcdatamodel; path = Crypto_Currency.xcdatamodel; sourceTree = "<group>"; };
		CEB201BA26B9333300ED19DD /* Assets.xcassets */ = {isa = PBXFileReference; lastKnownFileType = folder.assetcatalog; path = Assets.xcassets; sourceTree = "<group>"; };
		CEB201BD26B9333300ED19DD /* Base */ = {isa = PBXFileReference; lastKnownFileType = file.storyboard; name = Base; path = Base.lproj/LaunchScreen.storyboard; sourceTree = "<group>"; };
		CEB201BF26B9333300ED19DD /* Info.plist */ = {isa = PBXFileReference; lastKnownFileType = text.plist.xml; path = Info.plist; sourceTree = "<group>"; };
		CEB201DA26BA499400ED19DD /* HomeViewController.swift */ = {isa = PBXFileReference; lastKnownFileType = sourcecode.swift; path = HomeViewController.swift; sourceTree = "<group>"; };
		CEB201DC26BA49AF00ED19DD /* RankingViewController.swift */ = {isa = PBXFileReference; lastKnownFileType = sourcecode.swift; path = RankingViewController.swift; sourceTree = "<group>"; };
		CEB201DE26BA49DE00ED19DD /* FavoriteViewController.swift */ = {isa = PBXFileReference; lastKnownFileType = sourcecode.swift; path = FavoriteViewController.swift; sourceTree = "<group>"; };
		CEB201E726BA4A6A00ED19DD /* ExchangeRatesViewController.swift */ = {isa = PBXFileReference; lastKnownFileType = sourcecode.swift; path = ExchangeRatesViewController.swift; sourceTree = "<group>"; };
		CEB201E826BA4A6A00ED19DD /* ExchangeRatesViewController.xib */ = {isa = PBXFileReference; lastKnownFileType = file.xib; path = ExchangeRatesViewController.xib; sourceTree = "<group>"; };
		CEB201F026BA8EDF00ED19DD /* APIService.swift */ = {isa = PBXFileReference; lastKnownFileType = sourcecode.swift; path = APIService.swift; sourceTree = "<group>"; };
		CEB201F226BA8F0800ED19DD /* Response.swift */ = {isa = PBXFileReference; lastKnownFileType = sourcecode.swift; path = Response.swift; sourceTree = "<group>"; };
		CEB201F426BAA27100ED19DD /* DataCoin.swift */ = {isa = PBXFileReference; lastKnownFileType = sourcecode.swift; path = DataCoin.swift; sourceTree = "<group>"; };
		CEB201F626BAA28300ED19DD /* Coin.swift */ = {isa = PBXFileReference; lastKnownFileType = sourcecode.swift; path = Coin.swift; sourceTree = "<group>"; };
		CEB2020326BB89CB00ED19DD /* UIView+Extensions.swift */ = {isa = PBXFileReference; lastKnownFileType = sourcecode.swift; path = "UIView+Extensions.swift"; sourceTree = "<group>"; };
		CEB2020526BB8B9800ED19DD /* UISrollView+Extensions.swift */ = {isa = PBXFileReference; lastKnownFileType = sourcecode.swift; path = "UISrollView+Extensions.swift"; sourceTree = "<group>"; };
		CEB2020C26BB8DF300ED19DD /* GetStartedViewController.swift */ = {isa = PBXFileReference; lastKnownFileType = sourcecode.swift; path = GetStartedViewController.swift; sourceTree = "<group>"; };
		CEB2020E26BB9C6F00ED19DD /* UILabel+Extensions.swift */ = {isa = PBXFileReference; lastKnownFileType = sourcecode.swift; path = "UILabel+Extensions.swift"; sourceTree = "<group>"; };
		CEB2021226BC2D2900ED19DD /* CoinCollectionViewCell.swift */ = {isa = PBXFileReference; lastKnownFileType = sourcecode.swift; path = CoinCollectionViewCell.swift; sourceTree = "<group>"; };
		CEB2021326BC2D2900ED19DD /* CoinCollectionViewCell.xib */ = {isa = PBXFileReference; lastKnownFileType = file.xib; path = CoinCollectionViewCell.xib; sourceTree = "<group>"; };
		CEB2021626BC54F800ED19DD /* UIImageView+Extensions.swift */ = {isa = PBXFileReference; lastKnownFileType = sourcecode.swift; path = "UIImageView+Extensions.swift"; sourceTree = "<group>"; };
		CEB2021C26BCDD4400ED19DD /* Network.swift */ = {isa = PBXFileReference; lastKnownFileType = sourcecode.swift; path = Network.swift; sourceTree = "<group>"; };
		CEB2021E26BCE07900ED19DD /* ReusableView.swift */ = {isa = PBXFileReference; lastKnownFileType = sourcecode.swift; path = ReusableView.swift; sourceTree = "<group>"; };
		CEB2022026BCE5B400ED19DD /* RepositoryAPI.swift */ = {isa = PBXFileReference; lastKnownFileType = sourcecode.swift; path = RepositoryAPI.swift; sourceTree = "<group>"; };
/* End PBXFileReference section */

/* Begin PBXFrameworksBuildPhase section */
		CEB201A826B9333000ED19DD /* Frameworks */ = {
			isa = PBXFrameworksBuildPhase;
			buildActionMask = 2147483647;
			files = (
				CE89309526C22D540067793D /* Charts in Frameworks */,
			);
			runOnlyForDeploymentPostprocessing = 0;
		};
/* End PBXFrameworksBuildPhase section */

/* Begin PBXGroup section */
		CE89307D26C111710067793D /* Ranking */ = {
			isa = PBXGroup;
			children = (
				CE89307E26C112800067793D /* Cell */,
				CEB201DC26BA49AF00ED19DD /* RankingViewController.swift */,
			);
			path = Ranking;
			sourceTree = "<group>";
		};
		CE89307E26C112800067793D /* Cell */ = {
			isa = PBXGroup;
			children = (
				CE89307F26C112960067793D /* CoinTableViewCell.swift */,
				CE89308026C112960067793D /* CoinTableViewCell.xib */,
				CE89308A26C2217E0067793D /* LoadingTableViewCell.swift */,
				CE89308B26C2217E0067793D /* LoadingTableViewCell.xib */,
			);
			path = Cell;
			sourceTree = "<group>";
		};
		CE89308726C211E40067793D /* Common */ = {
			isa = PBXGroup;
			children = (
				CE89308826C211FA0067793D /* AlertController.swift */,
			);
			path = Common;
			sourceTree = "<group>";
		};
		CE89308E26C227D30067793D /* Detail */ = {
			isa = PBXGroup;
			children = (
				CE8930AD26C267210067793D /* Cell */,
				CE89308F26C228050067793D /* DetailViewController.swift */,
				CE89309026C228050067793D /* DetailViewController.xib */,
			);
			path = Detail;
			sourceTree = "<group>";
		};
		CE89309C26C245B10067793D /* DetailCoin */ = {
			isa = PBXGroup;
			children = (
				CE89309D26C245BE0067793D /* DetailCoin.swift */,
				CE89309F26C245D50067793D /* Link.swift */,
				CE8930A126C245EE0067793D /* DataDetailCoin.swift */,
				CE8930A726C246620067793D /* Supply.swift */,
				CE8930AB26C24F970067793D /* ResponseDetail.swift */,
			);
			path = DetailCoin;
			sourceTree = "<group>";
		};
		CE8930A326C245F70067793D /* HistoryPrice */ = {
			isa = PBXGroup;
			children = (
				CE89309826C245830067793D /* PriceHistory.swift */,
				CE89309A26C245930067793D /* History.swift */,
			);
			path = HistoryPrice;
			sourceTree = "<group>";
		};
		CE8930A626C2461F0067793D /* Coins */ = {
			isa = PBXGroup;
			children = (
				CEB201F426BAA27100ED19DD /* DataCoin.swift */,
				CEB201F226BA8F0800ED19DD /* Response.swift */,
			);
			path = Coins;
			sourceTree = "<group>";
		};
		CE8930AD26C267210067793D /* Cell */ = {
			isa = PBXGroup;
			children = (
				CE8930AE26C267390067793D /* LinkTableViewCell.swift */,
				CE8930AF26C267390067793D /* LinkTableViewCell.xib */,
			);
			path = Cell;
			sourceTree = "<group>";
		};
		CE8930BE26C2D0140067793D /* SimpleCoin */ = {
			isa = PBXGroup;
			children = (
				CE8930BF26C2D02D0067793D /* SimpleCoin.swift */,
				CE8930C126C2D0740067793D /* SimpleDataCoin.swift */,
			);
			path = SimpleCoin;
			sourceTree = "<group>";
		};
		CE8930C326C2D1140067793D /* Cell */ = {
			isa = PBXGroup;
			children = (
				CE8930C426C2D12E0067793D /* SimpleCoinTableViewCell.swift */,
				CE8930C526C2D12E0067793D /* SimpleCoinTableViewCell.xib */,
			);
			path = Cell;
			sourceTree = "<group>";
		};
		CE8930CC26C41C750067793D /* ExchangeRates */ = {
			isa = PBXGroup;
			children = (
				CE8930CF26C41CDA0067793D /* Price.swift */,
				CE8930D126C4290C0067793D /* ExchangeRate.swift */,
			);
			path = ExchangeRates;
			sourceTree = "<group>";
		};
		CEB201A226B9333000ED19DD = {
			isa = PBXGroup;
			children = (
				CEB201AD26B9333000ED19DD /* Crypto-Currency */,
				CEB201AC26B9333000ED19DD /* Products */,
			);
			sourceTree = "<group>";
		};
		CEB201AC26B9333000ED19DD /* Products */ = {
			isa = PBXGroup;
			children = (
				CEB201AB26B9333000ED19DD /* Crypto-Currency.app */,
			);
			name = Products;
			sourceTree = "<group>";
		};
		CEB201AD26B9333000ED19DD /* Crypto-Currency */ = {
			isa = PBXGroup;
			children = (
				CEB201EB26BA4A9400ED19DD /* Resources */,
				CEB201D926BA497F00ED19DD /* Scenes */,
				CEB201D726BA48F000ED19DD /* View */,
				CEB201D626BA48E900ED19DD /* Model */,
				CEB201B726B9333000ED19DD /* Crypto_Currency.xcdatamodeld */,
			);
			path = "Crypto-Currency";
			sourceTree = "<group>";
		};
		CEB201D626BA48E900ED19DD /* Model */ = {
			isa = PBXGroup;
			children = (
				CE8930CC26C41C750067793D /* ExchangeRates */,
				CE8930BE26C2D0140067793D /* SimpleCoin */,
				CE8930A626C2461F0067793D /* Coins */,
				CE8930A326C245F70067793D /* HistoryPrice */,
				CE89309C26C245B10067793D /* DetailCoin */,
				CEB2022226BCE7C700ED19DD /* Networking */,
				CE89308326C15A270067793D /* ResponseRanking.swift */,
				CEB201F626BAA28300ED19DD /* Coin.swift */,
				CEB2021E26BCE07900ED19DD /* ReusableView.swift */,
				CE89307526C0202E0067793D /* ImageCache.swift */,
				CE89308526C17FC10067793D /* CustomError.swift */,
				CE8930B426C27E0B0067793D /* Select.swift */,
			);
			path = Model;
			sourceTree = "<group>";
		};
		CEB201D726BA48F000ED19DD /* View */ = {
			isa = PBXGroup;
			children = (
			);
			path = View;
			sourceTree = "<group>";
		};
		CEB201D926BA497F00ED19DD /* Scenes */ = {
			isa = PBXGroup;
			children = (
				CE89308E26C227D30067793D /* Detail */,
				CEB2020726BB8CCF00ED19DD /* GetStarted */,
				CEB201E126BA4A0A00ED19DD /* ExchangeRates */,
				CEB201E026BA49F700ED19DD /* Search */,
				CEB2021026BC273600ED19DD /* Home */,
				CE89307D26C111710067793D /* Ranking */,
				CEB201DE26BA49DE00ED19DD /* FavoriteViewController.swift */,
			);
			path = Scenes;
			sourceTree = "<group>";
		};
		CEB201E026BA49F700ED19DD /* Search */ = {
			isa = PBXGroup;
			children = (
				CE8930C326C2D1140067793D /* Cell */,
				CE8930B626C2BEDE0067793D /* SearchViewController.swift */,
				CE8930B726C2BEDE0067793D /* SearchViewController.xib */,
			);
			path = Search;
			sourceTree = "<group>";
		};
		CEB201E126BA4A0A00ED19DD /* ExchangeRates */ = {
			isa = PBXGroup;
			children = (
				CEB201E726BA4A6A00ED19DD /* ExchangeRatesViewController.swift */,
				CEB201E826BA4A6A00ED19DD /* ExchangeRatesViewController.xib */,
			);
			path = ExchangeRates;
			sourceTree = "<group>";
		};
		CEB201EB26BA4A9400ED19DD /* Resources */ = {
			isa = PBXGroup;
			children = (
				CE89308726C211E40067793D /* Common */,
				CEB2020226BB88C700ED19DD /* Helpers */,
				CEB201AE26B9333000ED19DD /* AppDelegate.swift */,
				CEB201B026B9333000ED19DD /* SceneDelegate.swift */,
				CEB201BA26B9333300ED19DD /* Assets.xcassets */,
				CEB201B426B9333000ED19DD /* Main.storyboard */,
				CEB201BC26B9333300ED19DD /* LaunchScreen.storyboard */,
				CEB201BF26B9333300ED19DD /* Info.plist */,
				CE89307326BFE0590067793D /* Keys.plist */,
			);
			path = Resources;
			sourceTree = "<group>";
		};
		CEB2020226BB88C700ED19DD /* Helpers */ = {
			isa = PBXGroup;
			children = (
				CEB2020326BB89CB00ED19DD /* UIView+Extensions.swift */,
				CEB2020526BB8B9800ED19DD /* UISrollView+Extensions.swift */,
				CEB2020E26BB9C6F00ED19DD /* UILabel+Extensions.swift */,
				CEB2021626BC54F800ED19DD /* UIImageView+Extensions.swift */,
				CE8930A926C24A0C0067793D /* String+Extensions.swift */,
				CE8930BC26C2CF4E0067793D /* UIViewController+Extensions.swift */,
			);
			path = Helpers;
			sourceTree = "<group>";
		};
		CEB2020726BB8CCF00ED19DD /* GetStarted */ = {
			isa = PBXGroup;
			children = (
				CEB2020C26BB8DF300ED19DD /* GetStartedViewController.swift */,
			);
			path = GetStarted;
			sourceTree = "<group>";
		};
		CEB2021026BC273600ED19DD /* Home */ = {
			isa = PBXGroup;
			children = (
				CEB2021126BC273F00ED19DD /* Cell */,
				CEB201DA26BA499400ED19DD /* HomeViewController.swift */,
			);
			path = Home;
			sourceTree = "<group>";
		};
		CEB2021126BC273F00ED19DD /* Cell */ = {
			isa = PBXGroup;
			children = (
				CEB2021226BC2D2900ED19DD /* CoinCollectionViewCell.swift */,
				CEB2021326BC2D2900ED19DD /* CoinCollectionViewCell.xib */,
			);
			path = Cell;
			sourceTree = "<group>";
		};
		CEB2022226BCE7C700ED19DD /* Networking */ = {
			isa = PBXGroup;
			children = (
				CEB2021C26BCDD4400ED19DD /* Network.swift */,
				CEB2022026BCE5B400ED19DD /* RepositoryAPI.swift */,
				CEB201F026BA8EDF00ED19DD /* APIService.swift */,
				CE8930CA26C3B6ED0067793D /* Path.swift */,
			);
			path = Networking;
			sourceTree = "<group>";
		};
/* End PBXGroup section */

/* Begin PBXNativeTarget section */
		CEB201AA26B9333000ED19DD /* Crypto-Currency */ = {
			isa = PBXNativeTarget;
			buildConfigurationList = CEB201C226B9333300ED19DD /* Build configuration list for PBXNativeTarget "Crypto-Currency" */;
			buildPhases = (
				CEB201A726B9333000ED19DD /* Sources */,
				CEB201A826B9333000ED19DD /* Frameworks */,
				CEB201A926B9333000ED19DD /* Resources */,
				CEB201C926B940DC00ED19DD /* ShellScript */,
			);
			buildRules = (
			);
			dependencies = (
			);
			name = "Crypto-Currency";
			packageProductDependencies = (
				CE89309426C22D540067793D /* Charts */,
			);
			productName = "Crypto-Currency";
			productReference = CEB201AB26B9333000ED19DD /* Crypto-Currency.app */;
			productType = "com.apple.product-type.application";
		};
/* End PBXNativeTarget section */

/* Begin PBXProject section */
		CEB201A326B9333000ED19DD /* Project object */ = {
			isa = PBXProject;
			attributes = {
				LastSwiftUpdateCheck = 1250;
				LastUpgradeCheck = 1250;
				TargetAttributes = {
					CEB201AA26B9333000ED19DD = {
						CreatedOnToolsVersion = 12.5;
					};
				};
			};
			buildConfigurationList = CEB201A626B9333000ED19DD /* Build configuration list for PBXProject "Crypto-Currency" */;
			compatibilityVersion = "Xcode 9.3";
			developmentRegion = en;
			hasScannedForEncodings = 0;
			knownRegions = (
				en,
				Base,
			);
			mainGroup = CEB201A226B9333000ED19DD;
			packageReferences = (
				CE89309326C22D540067793D /* XCRemoteSwiftPackageReference "Charts" */,
			);
			productRefGroup = CEB201AC26B9333000ED19DD /* Products */;
			projectDirPath = "";
			projectRoot = "";
			targets = (
				CEB201AA26B9333000ED19DD /* Crypto-Currency */,
			);
		};
/* End PBXProject section */

/* Begin PBXResourcesBuildPhase section */
		CEB201A926B9333000ED19DD /* Resources */ = {
			isa = PBXResourcesBuildPhase;
			buildActionMask = 2147483647;
			files = (
				CEB201BE26B9333300ED19DD /* LaunchScreen.storyboard in Resources */,
				CEB2021526BC2D2900ED19DD /* CoinCollectionViewCell.xib in Resources */,
				CE8930B126C267390067793D /* LinkTableViewCell.xib in Resources */,
				CE89308226C112970067793D /* CoinTableViewCell.xib in Resources */,
				CE89308D26C2217E0067793D /* LoadingTableViewCell.xib in Resources */,
				CEB201BB26B9333300ED19DD /* Assets.xcassets in Resources */,
				CE89307426BFE0590067793D /* Keys.plist in Resources */,
				CE8930B926C2BEDE0067793D /* SearchViewController.xib in Resources */,
				CEB201EA26BA4A6A00ED19DD /* ExchangeRatesViewController.xib in Resources */,
				CE89309226C228050067793D /* DetailViewController.xib in Resources */,
				CE8930C726C2D12E0067793D /* SimpleCoinTableViewCell.xib in Resources */,
				CEB201B626B9333000ED19DD /* Main.storyboard in Resources */,
			);
			runOnlyForDeploymentPostprocessing = 0;
		};
/* End PBXResourcesBuildPhase section */

/* Begin PBXShellScriptBuildPhase section */
		CEB201C926B940DC00ED19DD /* ShellScript */ = {
			isa = PBXShellScriptBuildPhase;
			buildActionMask = 2147483647;
			files = (
			);
			inputFileListPaths = (
			);
			inputPaths = (
			);
			outputFileListPaths = (
			);
			outputPaths = (
			);
			runOnlyForDeploymentPostprocessing = 0;
			shellPath = /bin/sh;
			shellScript = "if which swiftlint >/dev/null; then\n  swiftlint\nelse\n  echo \"warning: SwiftLint not installed, download from https://github.com/realm/SwiftLint\"\nfi\n";
		};
/* End PBXShellScriptBuildPhase section */

/* Begin PBXSourcesBuildPhase section */
		CEB201A726B9333000ED19DD /* Sources */ = {
			isa = PBXSourcesBuildPhase;
			buildActionMask = 2147483647;
			files = (
				CE89308926C211FA0067793D /* AlertController.swift in Sources */,
				CE89308626C17FC10067793D /* CustomError.swift in Sources */,
				CE89307626C0202E0067793D /* ImageCache.swift in Sources */,
				CEB201DB26BA499400ED19DD /* HomeViewController.swift in Sources */,
				CE8930B826C2BEDE0067793D /* SearchViewController.swift in Sources */,
				CE8930AA26C24A0C0067793D /* String+Extensions.swift in Sources */,
				CEB201E926BA4A6A00ED19DD /* ExchangeRatesViewController.swift in Sources */,
				CE8930B526C27E0B0067793D /* Select.swift in Sources */,
				CE8930C626C2D12E0067793D /* SimpleCoinTableViewCell.swift in Sources */,
				CEB201F326BA8F0800ED19DD /* Response.swift in Sources */,
				CEB201AF26B9333000ED19DD /* AppDelegate.swift in Sources */,
				CE8930A826C246620067793D /* Supply.swift in Sources */,
				CE89309E26C245BE0067793D /* DetailCoin.swift in Sources */,
				CE8930AC26C24F970067793D /* ResponseDetail.swift in Sources */,
				CE8930B026C267390067793D /* LinkTableViewCell.swift in Sources */,
				CE8930C026C2D02D0067793D /* SimpleCoin.swift in Sources */,
				CE8930D226C4290C0067793D /* ExchangeRate.swift in Sources */,
				CE8930A226C245EE0067793D /* DataDetailCoin.swift in Sources */,
				CEB2020426BB89CB00ED19DD /* UIView+Extensions.swift in Sources */,
				CEB201B126B9333000ED19DD /* SceneDelegate.swift in Sources */,
				CEB201F726BAA28300ED19DD /* Coin.swift in Sources */,
				CE89308C26C2217E0067793D /* LoadingTableViewCell.swift in Sources */,
				CEB201DF26BA49DE00ED19DD /* FavoriteViewController.swift in Sources */,
				CE8930D026C41CDA0067793D /* Price.swift in Sources */,
				CEB2020D26BB8DF300ED19DD /* GetStartedViewController.swift in Sources */,
				CE8930A026C245D50067793D /* Link.swift in Sources */,
				CE8930CB26C3B6ED0067793D /* Path.swift in Sources */,
				CEB201B926B9333000ED19DD /* Crypto_Currency.xcdatamodeld in Sources */,
				CE8930C226C2D0740067793D /* SimpleDataCoin.swift in Sources */,
				CEB2021F26BCE07900ED19DD /* ReusableView.swift in Sources */,
				CEB2021D26BCDD4400ED19DD /* Network.swift in Sources */,
				CEB201F526BAA27100ED19DD /* DataCoin.swift in Sources */,
				CEB2021726BC54F800ED19DD /* UIImageView+Extensions.swift in Sources */,
				CEB2020F26BB9C6F00ED19DD /* UILabel+Extensions.swift in Sources */,
				CE89308426C15A270067793D /* ResponseRanking.swift in Sources */,
				CEB201F126BA8EDF00ED19DD /* APIService.swift in Sources */,
				CE89309B26C245930067793D /* History.swift in Sources */,
				CEB201DD26BA49AF00ED19DD /* RankingViewController.swift in Sources */,
				CEB2022126BCE5B400ED19DD /* RepositoryAPI.swift in Sources */,
				CEB2020626BB8B9800ED19DD /* UISrollView+Extensions.swift in Sources */,
				CE89309926C245830067793D /* PriceHistory.swift in Sources */,
				CE89308126C112970067793D /* CoinTableViewCell.swift in Sources */,
				CEB2021426BC2D2900ED19DD /* CoinCollectionViewCell.swift in Sources */,
				CE8930BD26C2CF4E0067793D /* UIViewController+Extensions.swift in Sources */,
				CE89309126C228050067793D /* DetailViewController.swift in Sources */,
			);
			runOnlyForDeploymentPostprocessing = 0;
		};
/* End PBXSourcesBuildPhase section */

/* Begin PBXVariantGroup section */
		CEB201B426B9333000ED19DD /* Main.storyboard */ = {
			isa = PBXVariantGroup;
			children = (
				CEB201B526B9333000ED19DD /* Base */,
			);
			name = Main.storyboard;
			sourceTree = "<group>";
		};
		CEB201BC26B9333300ED19DD /* LaunchScreen.storyboard */ = {
			isa = PBXVariantGroup;
			children = (
				CEB201BD26B9333300ED19DD /* Base */,
			);
			name = LaunchScreen.storyboard;
			sourceTree = "<group>";
		};
/* End PBXVariantGroup section */

/* Begin XCBuildConfiguration section */
		CEB201C026B9333300ED19DD /* Debug */ = {
			isa = XCBuildConfiguration;
			buildSettings = {
				ALWAYS_SEARCH_USER_PATHS = NO;
				CLANG_ANALYZER_NONNULL = YES;
				CLANG_ANALYZER_NUMBER_OBJECT_CONVERSION = YES_AGGRESSIVE;
				CLANG_CXX_LANGUAGE_STANDARD = "gnu++14";
				CLANG_CXX_LIBRARY = "libc++";
				CLANG_ENABLE_MODULES = YES;
				CLANG_ENABLE_OBJC_ARC = YES;
				CLANG_ENABLE_OBJC_WEAK = YES;
				CLANG_WARN_BLOCK_CAPTURE_AUTORELEASING = YES;
				CLANG_WARN_BOOL_CONVERSION = YES;
				CLANG_WARN_COMMA = YES;
				CLANG_WARN_CONSTANT_CONVERSION = YES;
				CLANG_WARN_DEPRECATED_OBJC_IMPLEMENTATIONS = YES;
				CLANG_WARN_DIRECT_OBJC_ISA_USAGE = YES_ERROR;
				CLANG_WARN_DOCUMENTATION_COMMENTS = YES;
				CLANG_WARN_EMPTY_BODY = YES;
				CLANG_WARN_ENUM_CONVERSION = YES;
				CLANG_WARN_INFINITE_RECURSION = YES;
				CLANG_WARN_INT_CONVERSION = YES;
				CLANG_WARN_NON_LITERAL_NULL_CONVERSION = YES;
				CLANG_WARN_OBJC_IMPLICIT_RETAIN_SELF = YES;
				CLANG_WARN_OBJC_LITERAL_CONVERSION = YES;
				CLANG_WARN_OBJC_ROOT_CLASS = YES_ERROR;
				CLANG_WARN_QUOTED_INCLUDE_IN_FRAMEWORK_HEADER = YES;
				CLANG_WARN_RANGE_LOOP_ANALYSIS = YES;
				CLANG_WARN_STRICT_PROTOTYPES = YES;
				CLANG_WARN_SUSPICIOUS_MOVE = YES;
				CLANG_WARN_UNGUARDED_AVAILABILITY = YES_AGGRESSIVE;
				CLANG_WARN_UNREACHABLE_CODE = YES;
				CLANG_WARN__DUPLICATE_METHOD_MATCH = YES;
				COPY_PHASE_STRIP = NO;
				DEBUG_INFORMATION_FORMAT = dwarf;
				ENABLE_STRICT_OBJC_MSGSEND = YES;
				ENABLE_TESTABILITY = YES;
				GCC_C_LANGUAGE_STANDARD = gnu11;
				GCC_DYNAMIC_NO_PIC = NO;
				GCC_NO_COMMON_BLOCKS = YES;
				GCC_OPTIMIZATION_LEVEL = 0;
				GCC_PREPROCESSOR_DEFINITIONS = (
					"DEBUG=1",
					"$(inherited)",
				);
				GCC_WARN_64_TO_32_BIT_CONVERSION = YES;
				GCC_WARN_ABOUT_RETURN_TYPE = YES_ERROR;
				GCC_WARN_UNDECLARED_SELECTOR = YES;
				GCC_WARN_UNINITIALIZED_AUTOS = YES_AGGRESSIVE;
				GCC_WARN_UNUSED_FUNCTION = YES;
				GCC_WARN_UNUSED_VARIABLE = YES;
				IPHONEOS_DEPLOYMENT_TARGET = 14.5;
				MTL_ENABLE_DEBUG_INFO = INCLUDE_SOURCE;
				MTL_FAST_MATH = YES;
				ONLY_ACTIVE_ARCH = YES;
				SDKROOT = iphoneos;
				SWIFT_ACTIVE_COMPILATION_CONDITIONS = DEBUG;
				SWIFT_OPTIMIZATION_LEVEL = "-Onone";
			};
			name = Debug;
		};
		CEB201C126B9333300ED19DD /* Release */ = {
			isa = XCBuildConfiguration;
			buildSettings = {
				ALWAYS_SEARCH_USER_PATHS = NO;
				CLANG_ANALYZER_NONNULL = YES;
				CLANG_ANALYZER_NUMBER_OBJECT_CONVERSION = YES_AGGRESSIVE;
				CLANG_CXX_LANGUAGE_STANDARD = "gnu++14";
				CLANG_CXX_LIBRARY = "libc++";
				CLANG_ENABLE_MODULES = YES;
				CLANG_ENABLE_OBJC_ARC = YES;
				CLANG_ENABLE_OBJC_WEAK = YES;
				CLANG_WARN_BLOCK_CAPTURE_AUTORELEASING = YES;
				CLANG_WARN_BOOL_CONVERSION = YES;
				CLANG_WARN_COMMA = YES;
				CLANG_WARN_CONSTANT_CONVERSION = YES;
				CLANG_WARN_DEPRECATED_OBJC_IMPLEMENTATIONS = YES;
				CLANG_WARN_DIRECT_OBJC_ISA_USAGE = YES_ERROR;
				CLANG_WARN_DOCUMENTATION_COMMENTS = YES;
				CLANG_WARN_EMPTY_BODY = YES;
				CLANG_WARN_ENUM_CONVERSION = YES;
				CLANG_WARN_INFINITE_RECURSION = YES;
				CLANG_WARN_INT_CONVERSION = YES;
				CLANG_WARN_NON_LITERAL_NULL_CONVERSION = YES;
				CLANG_WARN_OBJC_IMPLICIT_RETAIN_SELF = YES;
				CLANG_WARN_OBJC_LITERAL_CONVERSION = YES;
				CLANG_WARN_OBJC_ROOT_CLASS = YES_ERROR;
				CLANG_WARN_QUOTED_INCLUDE_IN_FRAMEWORK_HEADER = YES;
				CLANG_WARN_RANGE_LOOP_ANALYSIS = YES;
				CLANG_WARN_STRICT_PROTOTYPES = YES;
				CLANG_WARN_SUSPICIOUS_MOVE = YES;
				CLANG_WARN_UNGUARDED_AVAILABILITY = YES_AGGRESSIVE;
				CLANG_WARN_UNREACHABLE_CODE = YES;
				CLANG_WARN__DUPLICATE_METHOD_MATCH = YES;
				COPY_PHASE_STRIP = NO;
				DEBUG_INFORMATION_FORMAT = "dwarf-with-dsym";
				ENABLE_NS_ASSERTIONS = NO;
				ENABLE_STRICT_OBJC_MSGSEND = YES;
				GCC_C_LANGUAGE_STANDARD = gnu11;
				GCC_NO_COMMON_BLOCKS = YES;
				GCC_WARN_64_TO_32_BIT_CONVERSION = YES;
				GCC_WARN_ABOUT_RETURN_TYPE = YES_ERROR;
				GCC_WARN_UNDECLARED_SELECTOR = YES;
				GCC_WARN_UNINITIALIZED_AUTOS = YES_AGGRESSIVE;
				GCC_WARN_UNUSED_FUNCTION = YES;
				GCC_WARN_UNUSED_VARIABLE = YES;
				IPHONEOS_DEPLOYMENT_TARGET = 14.5;
				MTL_ENABLE_DEBUG_INFO = NO;
				MTL_FAST_MATH = YES;
				SDKROOT = iphoneos;
				SWIFT_COMPILATION_MODE = wholemodule;
				SWIFT_OPTIMIZATION_LEVEL = "-O";
				VALIDATE_PRODUCT = YES;
			};
			name = Release;
		};
		CEB201C326B9333300ED19DD /* Debug */ = {
			isa = XCBuildConfiguration;
			buildSettings = {
				ASSETCATALOG_COMPILER_APPICON_NAME = AppIcon;
				ASSETCATALOG_COMPILER_GLOBAL_ACCENT_COLOR_NAME = AccentColor;
				CODE_SIGN_STYLE = Automatic;
				DEVELOPMENT_TEAM = 42BJ859V33;
				INFOPLIST_FILE = "Crypto-Currency/Resources/Info.plist";
				LD_RUNPATH_SEARCH_PATHS = (
					"$(inherited)",
					"@executable_path/Frameworks",
				);
				PRODUCT_BUNDLE_IDENTIFIER = "nam.Crypto-Currency";
				PRODUCT_NAME = "$(TARGET_NAME)";
				SWIFT_VERSION = 5.0;
				TARGETED_DEVICE_FAMILY = "1,2";
			};
			name = Debug;
		};
		CEB201C426B9333300ED19DD /* Release */ = {
			isa = XCBuildConfiguration;
			buildSettings = {
				ASSETCATALOG_COMPILER_APPICON_NAME = AppIcon;
				ASSETCATALOG_COMPILER_GLOBAL_ACCENT_COLOR_NAME = AccentColor;
				CODE_SIGN_STYLE = Automatic;
				DEVELOPMENT_TEAM = 42BJ859V33;
				INFOPLIST_FILE = "Crypto-Currency/Resources/Info.plist";
				LD_RUNPATH_SEARCH_PATHS = (
					"$(inherited)",
					"@executable_path/Frameworks",
				);
				PRODUCT_BUNDLE_IDENTIFIER = "nam.Crypto-Currency";
				PRODUCT_NAME = "$(TARGET_NAME)";
				SWIFT_VERSION = 5.0;
				TARGETED_DEVICE_FAMILY = "1,2";
			};
			name = Release;
		};
/* End XCBuildConfiguration section */

/* Begin XCConfigurationList section */
		CEB201A626B9333000ED19DD /* Build configuration list for PBXProject "Crypto-Currency" */ = {
			isa = XCConfigurationList;
			buildConfigurations = (
				CEB201C026B9333300ED19DD /* Debug */,
				CEB201C126B9333300ED19DD /* Release */,
			);
			defaultConfigurationIsVisible = 0;
			defaultConfigurationName = Release;
		};
		CEB201C226B9333300ED19DD /* Build configuration list for PBXNativeTarget "Crypto-Currency" */ = {
			isa = XCConfigurationList;
			buildConfigurations = (
				CEB201C326B9333300ED19DD /* Debug */,
				CEB201C426B9333300ED19DD /* Release */,
			);
			defaultConfigurationIsVisible = 0;
			defaultConfigurationName = Release;
		};
/* End XCConfigurationList section */

/* Begin XCRemoteSwiftPackageReference section */
		CE89309326C22D540067793D /* XCRemoteSwiftPackageReference "Charts" */ = {
			isa = XCRemoteSwiftPackageReference;
			repositoryURL = "https://github.com/danielgindi/Charts.git";
			requirement = {
				kind = upToNextMajorVersion;
				minimumVersion = 4.0.1;
			};
		};
/* End XCRemoteSwiftPackageReference section */

/* Begin XCSwiftPackageProductDependency section */
		CE89309426C22D540067793D /* Charts */ = {
			isa = XCSwiftPackageProductDependency;
			package = CE89309326C22D540067793D /* XCRemoteSwiftPackageReference "Charts" */;
			productName = Charts;
		};
/* End XCSwiftPackageProductDependency section */

/* Begin XCVersionGroup section */
		CEB201B726B9333000ED19DD /* Crypto_Currency.xcdatamodeld */ = {
			isa = XCVersionGroup;
			children = (
				CEB201B826B9333000ED19DD /* Crypto_Currency.xcdatamodel */,
			);
			currentVersion = CEB201B826B9333000ED19DD /* Crypto_Currency.xcdatamodel */;
			path = Crypto_Currency.xcdatamodeld;
			sourceTree = "<group>";
			versionGroupType = wrapper.xcdatamodel;
		};
/* End XCVersionGroup section */
	};
	rootObject = CEB201A326B9333000ED19DD /* Project object */;
}
